<?xml version="1.0" encoding="utf-8"?>
<Project ToolsVersion="4.0" xmlns="http://schemas.microsoft.com/developer/msbuild/2003">
  <ItemGroup>
    <Filter Include="Исходные файлы">
      <UniqueIdentifier>{4FC737F1-C7A5-4376-A066-2A32D752A2FF}</UniqueIdentifier>
      <Extensions>cpp;c;cc;cxx;c++;cppm;ixx;def;odl;idl;hpj;bat;asm;asmx</Extensions>
    </Filter>
    <Filter Include="Файлы заголовков">
      <UniqueIdentifier>{93995380-89BD-4b04-88EB-625FBE52EBFB}</UniqueIdentifier>
      <Extensions>h;hh;hpp;hxx;h++;hm;inl;inc;ipp;xsd</Extensions>
    </Filter>
    <Filter Include="Файлы ресурсов">
      <UniqueIdentifier>{67DA6AB6-F800-4c08-8B7A-83BB121AAD01}</UniqueIdentifier>
      <Extensions>rc;ico;cur;bmp;dlg;rc2;rct;bin;rgs;gif;jpg;jpeg;jpe;resx;tiff;tif;png;wav;mfcribbon-ms</Extensions>
    </Filter>
  </ItemGroup>
  <ItemGroup>
    <ClCompile Include="MyWebsite.cpp">
      <Filter>Исходные файлы</Filter>
    </ClCompile>
    <ClCompile Include="pageloader.cpp">
      <Filter>Исходные файлы</Filter>
    </ClCompile>
    <ClCompile Include="controller.cpp">
      <Filter>Исходные файлы</Filter>
    </ClCompile>
    <ClCompile Include="cgi.cpp">
      <Filter>Исходные файлы</Filter>
    </ClCompile>
    <ClCompile Include="utility.cpp">
      <Filter>Исходные файлы</Filter>
    </ClCompile>
    <ClCompile Include="list1.cpp">
      <Filter>Исходные файлы</Filter>
    </ClCompile>
    <ClCompile Include="list2.cpp">
      <Filter>Исходные файлы</Filter>
    </ClCompile>
    <ClCompile Include="Tree Students.cpp">
      <Filter>Исходные файлы</Filter>
    </ClCompile>
    <ClCompile Include="tree.cpp">
      <Filter>Исходные файлы</Filter>
    </ClCompile>
    <ClCompile Include="tree_list2_0.cpp">
      <Filter>Исходные файлы</Filter>
    </ClCompile>
    <ClCompile Include="tree_queue.cpp">
      <Filter>Исходные файлы</Filter>
    </ClCompile>
    <ClCompile Include="about_page.cpp">
      <Filter>Исходные файлы</Filter>
    </ClCompile>
    <ClCompile Include="equation.cpp">
      <Filter>Исходные файлы</Filter>
    </ClCompile>
    <ClCompile Include="query_split.cpp">
      <Filter>Исходные файлы</Filter>
    </ClCompile>
    <ClCompile Include="unique_list.cpp">
      <Filter>Исходные файлы</Filter>
    </ClCompile>
    <ClCompile Include="ListTest.cpp">
      <Filter>Исходные файлы</Filter>
    </ClCompile>
  </ItemGroup>
  <ItemGroup>
    <ClInclude Include="pageloader.h">
      <Filter>Файлы заголовков</Filter>
    </ClInclude>
    <ClInclude Include="controller.h">
      <Filter>Файлы заголовков</Filter>
    </ClInclude>
    <ClInclude Include="main.h">
      <Filter>Файлы заголовков</Filter>
    </ClInclude>
    <ClInclude Include="cgi.h">
      <Filter>Файлы заголовков</Filter>
    </ClInclude>
    <ClInclude Include="utility.h">
      <Filter>Файлы заголовков</Filter>
    </ClInclude>
    <ClInclude Include="list1.h">
      <Filter>Файлы заголовков</Filter>
    </ClInclude>
    <ClInclude Include="list2.h">
      <Filter>Файлы заголовков</Filter>
    </ClInclude>
    <ClInclude Include="longSummator.h">
      <Filter>Файлы заголовков</Filter>
    </ClInclude>
    <ClInclude Include="tree.h">
      <Filter>Исходные файлы</Filter>
    </ClInclude>
    <ClInclude Include="tree_list2_0.h">
      <Filter>Исходные файлы</Filter>
    </ClInclude>
    <ClInclude Include="tree_queue.h">
      <Filter>Файлы заголовков</Filter>
    </ClInclude>
    <ClInclude Include="tree_struct.h">
      <Filter>Файлы заголовков</Filter>
    </ClInclude>
    <ClInclude Include="about_page.h">
      <Filter>Файлы заголовков</Filter>
    </ClInclude>
    <ClInclude Include="equation.h">
      <Filter>Файлы заголовков</Filter>
    </ClInclude>
    <ClInclude Include="query_split.h">
      <Filter>Файлы заголовков</Filter>
    </ClInclude>
    <ClInclude Include="unique_list.h">
      <Filter>Файлы заголовков</Filter>
    </ClInclude>
    <ClInclude Include="summator.h">
      <Filter>Файлы заголовков</Filter>
    </ClInclude>
  </ItemGroup>
</Project>